
Microsoft Visual Studio Solution File, Format Version 11.00
# Visual Studio 2010
Project("{8BC9CEB8-8B4A-11D0-8D11-00A0C91BC942}") = "Dumper", "Dumper\Dumper.vcxproj", "{738E658E-FD16-4199-962A-7EDEE16FABAC}"
	ProjectSection(ProjectDependencies) = postProject
		{3187DA92-E240-466D-A313-FACC49D19F5A} = {3187DA92-E240-466D-A313-FACC49D19F5A}
	EndProjectSection
EndProject
Project("{8BC9CEB8-8B4A-11D0-8D11-00A0C91BC942}") = "Nitrane", "Nitrane\Nitrane.vcxproj", "{3187DA92-E240-466D-A313-FACC49D19F5A}"
EndProject
Project("{8BC9CEB8-8B4A-11D0-8D11-00A0C91BC942}") = "NullDriver", "NullDriver\NullDriver.vcxproj", "{623515F4-B725-41D2-A2F2-11DBCCBAA1FD}"
	ProjectSection(ProjectDependencies) = postProject
		{3187DA92-E240-466D-A313-FACC49D19F5A} = {3187DA92-E240-466D-A313-FACC49D19F5A}
	EndProjectSection
EndProject
Project("{8BC9CEB8-8B4A-11D0-8D11-00A0C91BC942}") = "NullEffect", "NullEffect\NullEffect.vcxproj", "{9CE290F2-C140-48C2-A142-1F8E3571958E}"
	ProjectSection(ProjectDependencies) = postProject
		{3187DA92-E240-466D-A313-FACC49D19F5A} = {3187DA92-E240-466D-A313-FACC49D19F5A}
	EndProjectSection
EndProject
Project("{8BC9CEB8-8B4A-11D0-8D11-00A0C91BC942}") = "SimpleGain", "SimpleGain\SimpleGain.vcxproj", "{B9898932-CD91-4B05-BABA-70AD5E91A87C}"
	ProjectSection(ProjectDependencies) = postProject
		{3187DA92-E240-466D-A313-FACC49D19F5A} = {3187DA92-E240-466D-A313-FACC49D19F5A}
	EndProjectSection
EndProject
Project("{8BC9CEB8-8B4A-11D0-8D11-00A0C91BC942}") = "SimpleLowPass", "SimpleLowPass\SimpleLowPass.vcxproj", "{8ED060F4-0937-45B9-84E2-D889827009E0}"
	ProjectSection(ProjectDependencies) = postProject
		{3187DA92-E240-466D-A313-FACC49D19F5A} = {3187DA92-E240-466D-A313-FACC49D19F5A}
	EndProjectSection
EndProject
Project("{8BC9CEB8-8B4A-11D0-8D11-00A0C91BC942}") = "ToneGenerator", "ToneGenerator\ToneGenerator.vcxproj", "{1928AC29-E825-4F7F-AA38-F3C9ADC770C3}"
	ProjectSection(ProjectDependencies) = postProject
		{3187DA92-E240-466D-A313-FACC49D19F5A} = {3187DA92-E240-466D-A313-FACC49D19F5A}
	EndProjectSection
EndProject
Project("{8BC9CEB8-8B4A-11D0-8D11-00A0C91BC942}") = "CoreAudioDriver", "CoreAudioDriver\CoreAudioDriver.vcxproj", "{B7993CE1-FB2B-4EB7-86D9-06E3C0332202}"
	ProjectSection(ProjectDependencies) = postProject
		{3187DA92-E240-466D-A313-FACC49D19F5A} = {3187DA92-E240-466D-A313-FACC49D19F5A}
	EndProjectSection
EndProject
Project("{8BC9CEB8-8B4A-11D0-8D11-00A0C91BC942}") = "Console", "Console\Console.vcxproj", "{3780296F-FE64-4104-AAFA-62B72875B48D}"
	ProjectSection(ProjectDependencies) = postProject
		{1928AC29-E825-4F7F-AA38-F3C9ADC770C3} = {1928AC29-E825-4F7F-AA38-F3C9ADC770C3}
		{B9898932-CD91-4B05-BABA-70AD5E91A87C} = {B9898932-CD91-4B05-BABA-70AD5E91A87C}
		{738E658E-FD16-4199-962A-7EDEE16FABAC} = {738E658E-FD16-4199-962A-7EDEE16FABAC}
		{30D4898E-9B8A-4DB2-BFE0-629FCFE31D8F} = {30D4898E-9B8A-4DB2-BFE0-629FCFE31D8F}
		{428979E8-1FC4-4AA5-9846-9C35F59C9098} = {428979E8-1FC4-4AA5-9846-9C35F59C9098}
		{9CE290F2-C140-48C2-A142-1F8E3571958E} = {9CE290F2-C140-48C2-A142-1F8E3571958E}
		{623515F4-B725-41D2-A2F2-11DBCCBAA1FD} = {623515F4-B725-41D2-A2F2-11DBCCBAA1FD}
		{8ED060F4-0937-45B9-84E2-D889827009E0} = {8ED060F4-0937-45B9-84E2-D889827009E0}
	EndProjectSection
EndProject
Project("{8BC9CEB8-8B4A-11D0-8D11-00A0C91BC942}") = "AmplitudeModulation", "AmplitudeModulation\AmplitudeModulation.vcxproj", "{30D4898E-9B8A-4DB2-BFE0-629FCFE31D8F}"
	ProjectSection(ProjectDependencies) = postProject
		{3187DA92-E240-466D-A313-FACC49D19F5A} = {3187DA92-E240-466D-A313-FACC49D19F5A}
	EndProjectSection
EndProject
Project("{8BC9CEB8-8B4A-11D0-8D11-00A0C91BC942}") = "WaveInDriver", "WaveInDriver\WaveInDriver.vcxproj", "{428979E8-1FC4-4AA5-9846-9C35F59C9098}"
	ProjectSection(ProjectDependencies) = postProject
		{3187DA92-E240-466D-A313-FACC49D19F5A} = {3187DA92-E240-466D-A313-FACC49D19F5A}
	EndProjectSection
EndProject
Global
	GlobalSection(SolutionConfigurationPlatforms) = preSolution
		Debug|Win32 = Debug|Win32
		Release|Win32 = Release|Win32
	EndGlobalSection
	GlobalSection(ProjectConfigurationPlatforms) = postSolution
		{738E658E-FD16-4199-962A-7EDEE16FABAC}.Debug|Win32.ActiveCfg = Debug|Win32
		{738E658E-FD16-4199-962A-7EDEE16FABAC}.Debug|Win32.Build.0 = Debug|Win32
		{738E658E-FD16-4199-962A-7EDEE16FABAC}.Release|Win32.ActiveCfg = Release|Win32
		{738E658E-FD16-4199-962A-7EDEE16FABAC}.Release|Win32.Build.0 = Release|Win32
		{3187DA92-E240-466D-A313-FACC49D19F5A}.Debug|Win32.ActiveCfg = Debug|Win32
		{3187DA92-E240-466D-A313-FACC49D19F5A}.Debug|Win32.Build.0 = Debug|Win32
		{3187DA92-E240-466D-A313-FACC49D19F5A}.Release|Win32.ActiveCfg = Release|Win32
		{3187DA92-E240-466D-A313-FACC49D19F5A}.Release|Win32.Build.0 = Release|Win32
		{623515F4-B725-41D2-A2F2-11DBCCBAA1FD}.Debug|Win32.ActiveCfg = Debug|Win32
		{623515F4-B725-41D2-A2F2-11DBCCBAA1FD}.Debug|Win32.Build.0 = Debug|Win32
		{623515F4-B725-41D2-A2F2-11DBCCBAA1FD}.Release|Win32.ActiveCfg = Release|Win32
		{623515F4-B725-41D2-A2F2-11DBCCBAA1FD}.Release|Win32.Build.0 = Release|Win32
		{9CE290F2-C140-48C2-A142-1F8E3571958E}.Debug|Win32.ActiveCfg = Debug|Win32
		{9CE290F2-C140-48C2-A142-1F8E3571958E}.Debug|Win32.Build.0 = Debug|Win32
		{9CE290F2-C140-48C2-A142-1F8E3571958E}.Release|Win32.ActiveCfg = Release|Win32
		{9CE290F2-C140-48C2-A142-1F8E3571958E}.Release|Win32.Build.0 = Release|Win32
		{B9898932-CD91-4B05-BABA-70AD5E91A87C}.Debug|Win32.ActiveCfg = Debug|Win32
		{B9898932-CD91-4B05-BABA-70AD5E91A87C}.Debug|Win32.Build.0 = Debug|Win32
		{B9898932-CD91-4B05-BABA-70AD5E91A87C}.Release|Win32.ActiveCfg = Release|Win32
		{B9898932-CD91-4B05-BABA-70AD5E91A87C}.Release|Win32.Build.0 = Release|Win32
		{8ED060F4-0937-45B9-84E2-D889827009E0}.Debug|Win32.ActiveCfg = Debug|Win32
		{8ED060F4-0937-45B9-84E2-D889827009E0}.Debug|Win32.Build.0 = Debug|Win32
		{8ED060F4-0937-45B9-84E2-D889827009E0}.Release|Win32.ActiveCfg = Release|Win32
		{8ED060F4-0937-45B9-84E2-D889827009E0}.Release|Win32.Build.0 = Release|Win32
		{1928AC29-E825-4F7F-AA38-F3C9ADC770C3}.Debug|Win32.ActiveCfg = Debug|Win32
		{1928AC29-E825-4F7F-AA38-F3C9ADC770C3}.Debug|Win32.Build.0 = Debug|Win32
		{1928AC29-E825-4F7F-AA38-F3C9ADC770C3}.Release|Win32.ActiveCfg = Release|Win32
		{1928AC29-E825-4F7F-AA38-F3C9ADC770C3}.Release|Win32.Build.0 = Release|Win32
		{B7993CE1-FB2B-4EB7-86D9-06E3C0332202}.Debug|Win32.ActiveCfg = Debug|Win32
		{B7993CE1-FB2B-4EB7-86D9-06E3C0332202}.Debug|Win32.Build.0 = Debug|Win32
		{B7993CE1-FB2B-4EB7-86D9-06E3C0332202}.Release|Win32.ActiveCfg = Release|Win32
		{B7993CE1-FB2B-4EB7-86D9-06E3C0332202}.Release|Win32.Build.0 = Release|Win32
		{3780296F-FE64-4104-AAFA-62B72875B48D}.Debug|Win32.ActiveCfg = Debug|Win32
		{3780296F-FE64-4104-AAFA-62B72875B48D}.Debug|Win32.Build.0 = Debug|Win32
		{3780296F-FE64-4104-AAFA-62B72875B48D}.Release|Win32.ActiveCfg = Release|Win32
		{3780296F-FE64-4104-AAFA-62B72875B48D}.Release|Win32.Build.0 = Release|Win32
		{30D4898E-9B8A-4DB2-BFE0-629FCFE31D8F}.Debug|Win32.ActiveCfg = Debug|Win32
		{30D4898E-9B8A-4DB2-BFE0-629FCFE31D8F}.Debug|Win32.Build.0 = Debug|Win32
		{30D4898E-9B8A-4DB2-BFE0-629FCFE31D8F}.Release|Win32.ActiveCfg = Release|Win32
		{30D4898E-9B8A-4DB2-BFE0-629FCFE31D8F}.Release|Win32.Build.0 = Release|Win32
		{428979E8-1FC4-4AA5-9846-9C35F59C9098}.Debug|Win32.ActiveCfg = Debug|Win32
		{428979E8-1FC4-4AA5-9846-9C35F59C9098}.Debug|Win32.Build.0 = Debug|Win32
		{428979E8-1FC4-4AA5-9846-9C35F59C9098}.Release|Win32.ActiveCfg = Release|Win32
		{428979E8-1FC4-4AA5-9846-9C35F59C9098}.Release|Win32.Build.0 = Release|Win32
	EndGlobalSection
	GlobalSection(SolutionProperties) = preSolution
		HideSolutionNode = FALSE
	EndGlobalSection
EndGlobal
